
Microsoft Visual Studio Solution File, Format Version 12.00
# Visual Studio Version 16
VisualStudioVersion = 16.0.30517.126
MinimumVisualStudioVersion = 10.0.40219.1
Project("{2150E333-8FDC-42A3-9474-1A3956D46DE8}") = "Solution Files", "Solution Files", "{75B4F427-6DC1-47CC-A719-14C925ACDB7F}"
	ProjectSection(SolutionItems) = preProject
		.gitignore = .gitignore
		README.md = README.md
	EndProjectSection
EndProject
Project("{FAE04EC0-301F-11D3-BF4B-00C04F79EFBC}") = "Cybertill.API", "Cybertill.API\Cybertill.API.csproj", "{05EA7B6F-9A86-4B43-AD01-00E1D026F3BF}"
EndProject
Project("{FAE04EC0-301F-11D3-BF4B-00C04F79EFBC}") = "Cybertill.Console", "Cybertill.Console\Cybertill.Console.csproj", "{F5B4E79F-250E-434B-86E6-6CA90E52147F}"
EndProject
Global
	GlobalSection(SolutionConfigurationPlatforms) = preSolution
		Debug|Any CPU = Debug|Any CPU
		Release|Any CPU = Release|Any CPU
	EndGlobalSection
	GlobalSection(ProjectConfigurationPlatforms) = postSolution
		{05EA7B6F-9A86-4B43-AD01-00E1D026F3BF}.Debug|Any CPU.ActiveCfg = Debug|Any CPU
		{05EA7B6F-9A86-4B43-AD01-00E1D026F3BF}.Debug|Any CPU.Build.0 = Debug|Any CPU
		{05EA7B6F-9A86-4B43-AD01-00E1D026F3BF}.Release|Any CPU.ActiveCfg = Release|Any CPU
		{05EA7B6F-9A86-4B43-AD01-00E1D026F3BF}.Release|Any CPU.Build.0 = Release|Any CPU
		{F5B4E79F-250E-434B-86E6-6CA90E52147F}.Debug|Any CPU.ActiveCfg = Debug|Any CPU
		{F5B4E79F-250E-434B-86E6-6CA90E52147F}.Debug|Any CPU.Build.0 = Debug|Any CPU
		{F5B4E79F-250E-434B-86E6-6CA90E52147F}.Release|Any CPU.ActiveCfg = Release|Any CPU
		{F5B4E79F-250E-434B-86E6-6CA90E52147F}.Release|Any CPU.Build.0 = Release|Any CPU
	EndGlobalSection
	GlobalSection(SolutionProperties) = preSolution
		HideSolutionNode = FALSE
	EndGlobalSection
	GlobalSection(ExtensibilityGlobals) = postSolution
		SolutionGuid = {EEA77502-CED3-4C5E-801B-2FB802077B1B}
	EndGlobalSection
EndGlobal
